<?xml version="1.0" encoding="utf-8"?>
<Project ToolsVersion="4.0" xmlns="http://schemas.microsoft.com/developer/msbuild/2003">
  <ItemGroup>
    <ClCompile Include="src\main.cpp" />
    <ClCompile Include="src\application.cpp" />
    <ClCompile Include="src\bezierSurface.cpp" />
    <ClCompile Include="src\object2D.cpp" />
    <ClCompile Include="src\object3D.cpp" />
    <ClCompile Include="src\Quad.cpp" />
    <ClCompile Include="src\renderer.cpp" />
    <ClCompile Include="src\Skybox.cpp" />
    <ClCompile Include="src\sphere.cpp" />
    <ClCompile Include="..\..\..\..\addons\ofxAssimpModelLoader\src\ofxAssimpAnimation.cpp" />
    <ClCompile Include="..\..\..\..\addons\ofxAssimpModelLoader\src\ofxAssimpMeshHelper.cpp" />
    <ClCompile Include="..\..\..\..\addons\ofxAssimpModelLoader\src\ofxAssimpModelLoader.cpp" />
    <ClCompile Include="..\..\..\..\addons\ofxAssimpModelLoader\src\ofxAssimpTexture.cpp" />
    <ClCompile Include="..\..\..\..\addons\ofxDelaunay\src\ofxDelaunay.cpp" />
    <ClCompile Include="..\..\..\..\addons\ofxDelaunay\libs\Delaunay\src\Delaunay.cpp" />
    <ClCompile Include="..\..\..\..\addons\ofxGui\src\ofxBaseGui.cpp" />
    <ClCompile Include="..\..\..\..\addons\ofxGui\src\ofxButton.cpp" />
    <ClCompile Include="..\..\..\..\addons\ofxGui\src\ofxColorPicker.cpp" />
    <ClCompile Include="..\..\..\..\addons\ofxGui\src\ofxGuiGroup.cpp" />
    <ClCompile Include="..\..\..\..\addons\ofxGui\src\ofxInputField.cpp" />
    <ClCompile Include="..\..\..\..\addons\ofxGui\src\ofxLabel.cpp" />
    <ClCompile Include="..\..\..\..\addons\ofxGui\src\ofxPanel.cpp" />
    <ClCompile Include="..\..\..\..\addons\ofxGui\src\ofxSlider.cpp" />
    <ClCompile Include="..\..\..\..\addons\ofxGui\src\ofxSliderGroup.cpp" />
    <ClCompile Include="..\..\..\..\addons\ofxGui\src\ofxToggle.cpp" />
    <ClCompile Include="..\..\..\..\addons\ofxVectorGraphics\src\ofxVectorGraphics.cpp" />
    <ClCompile Include="..\..\..\..\addons\ofxVectorGraphics\libs\CreEPS.cpp" />
  </ItemGroup>
  <ItemGroup>
    <ClInclude Include="src\application.h" />
    <ClInclude Include="src\bezierSurface.h" />
    <ClInclude Include="src\object2D.h" />
    <ClInclude Include="src\object3D.h" />
    <ClInclude Include="src\Quad.h" />
    <ClInclude Include="src\renderer.h" />
    <ClInclude Include="src\Skybox.h" />
    <ClInclude Include="src\sphere.h" />
    <ClInclude Include="..\..\..\..\addons\ofxAssimpModelLoader\src\ofxAssimpAnimation.h" />
    <ClInclude Include="..\..\..\..\addons\ofxAssimpModelLoader\src\ofxAssimpMeshHelper.h" />
    <ClInclude Include="..\..\..\..\addons\ofxAssimpModelLoader\src\ofxAssimpModelLoader.h" />
    <ClInclude Include="..\..\..\..\addons\ofxAssimpModelLoader\src\ofxAssimpTexture.h" />
    <ClInclude Include="..\..\..\..\addons\ofxAssimpModelLoader\src\ofxAssimpUtils.h" />
    <ClInclude Include="..\..\..\..\addons\ofxAssimpModelLoader\libs\assimp\include\assimp\ai_assert.h" />
    <ClInclude Include="..\..\..\..\addons\ofxAssimpModelLoader\libs\assimp\include\assimp\anim.h" />
    <ClInclude Include="..\..\..\..\addons\ofxAssimpModelLoader\libs\assimp\include\assimp\camera.h" />
    <ClInclude Include="..\..\..\..\addons\ofxAssimpModelLoader\libs\assimp\include\assimp\cexport.h" />
    <ClInclude Include="..\..\..\..\addons\ofxAssimpModelLoader\libs\assimp\include\assimp\cfileio.h" />
    <ClInclude Include="..\..\..\..\addons\ofxAssimpModelLoader\libs\assimp\include\assimp\cimport.h" />
    <ClInclude Include="..\..\..\..\addons\ofxAssimpModelLoader\libs\assimp\include\assimp\color4.h" />
    <ClInclude Include="..\..\..\..\addons\ofxAssimpModelLoader\libs\assimp\include\assimp\Compiler\poppack1.h" />
    <ClInclude Include="..\..\..\..\addons\ofxAssimpModelLoader\libs\assimp\include\assimp\Compiler\pstdint.h" />
    <ClInclude Include="..\..\..\..\addons\ofxAssimpModelLoader\libs\assimp\include\assimp\Compiler\pushpack1.h" />
    <ClInclude Include="..\..\..\..\addons\ofxAssimpModelLoader\libs\assimp\include\assimp\config.h" />
    <ClInclude Include="..\..\..\..\addons\ofxAssimpModelLoader\libs\assimp\include\assimp\DefaultIOStream.h" />
    <ClInclude Include="..\..\..\..\addons\ofxAssimpModelLoader\libs\assimp\include\assimp\DefaultIOSystem.h" />
    <ClInclude Include="..\..\..\..\addons\ofxAssimpModelLoader\libs\assimp\include\assimp\DefaultLogger.hpp" />
    <ClInclude Include="..\..\..\..\addons\ofxAssimpModelLoader\libs\assimp\include\assimp\Defines.h" />
    <ClInclude Include="..\..\..\..\addons\ofxAssimpModelLoader\libs\assimp\include\assimp\defs.h" />
    <ClInclude Include="..\..\..\..\addons\ofxAssimpModelLoader\libs\assimp\include\assimp\Exporter.hpp" />
    <ClInclude Include="..\..\..\..\addons\ofxAssimpModelLoader\libs\assimp\include\assimp\Importer.hpp" />
    <ClInclude Include="..\..\..\..\addons\ofxAssimpModelLoader\libs\assimp\include\assimp\importerdesc.h" />
    <ClInclude Include="..\..\..\..\addons\ofxAssimpModelLoader\libs\assimp\include\assimp\IOStream.hpp" />
    <ClInclude Include="..\..\..\..\addons\ofxAssimpModelLoader\libs\assimp\include\assimp\IOSystem.hpp" />
    <ClInclude Include="..\..\..\..\addons\ofxAssimpModelLoader\libs\assimp\include\assimp\light.h" />
    <ClInclude Include="..\..\..\..\addons\ofxAssimpModelLoader\libs\assimp\include\assimp\Logger.hpp" />
    <ClInclude Include="..\..\..\..\addons\ofxAssimpModelLoader\libs\assimp\include\assimp\LogStream.hpp" />
    <ClInclude Include="..\..\..\..\addons\ofxAssimpModelLoader\libs\assimp\include\assimp\material.h" />
    <ClInclude Include="..\..\..\..\addons\ofxAssimpModelLoader\libs\assimp\include\assimp\matrix3x3.h" />
    <ClInclude Include="..\..\..\..\addons\ofxAssimpModelLoader\libs\assimp\include\assimp\matrix4x4.h" />
    <ClInclude Include="..\..\..\..\addons\ofxAssimpModelLoader\libs\assimp\include\assimp\mesh.h" />
    <ClInclude Include="..\..\..\..\addons\ofxAssimpModelLoader\libs\assimp\include\assimp\metadata.h" />
    <ClInclude Include="..\..\..\..\addons\ofxAssimpModelLoader\libs\assimp\include\assimp\NullLogger.hpp" />
    <ClInclude Include="..\..\..\..\addons\ofxAssimpModelLoader\libs\assimp\include\assimp\port\AndroidJNI\AndroidJNIIOSystem.h" />
    <ClInclude Include="..\..\..\..\addons\ofxAssimpModelLoader\libs\assimp\include\assimp\postprocess.h" />
    <ClInclude Include="..\..\..\..\addons\ofxAssimpModelLoader\libs\assimp\include\assimp\ProgressHandler.hpp" />
    <ClInclude Include="..\..\..\..\addons\ofxAssimpModelLoader\libs\assimp\include\assimp\quaternion.h" />
    <ClInclude Include="..\..\..\..\addons\ofxAssimpModelLoader\libs\assimp\include\assimp\scene.h" />
    <ClInclude Include="..\..\..\..\addons\ofxAssimpModelLoader\libs\assimp\include\assimp\SceneCombiner.h" />
    <ClInclude Include="..\..\..\..\addons\ofxAssimpModelLoader\libs\assimp\include\assimp\texture.h" />
    <ClInclude Include="..\..\..\..\addons\ofxAssimpModelLoader\libs\assimp\include\assimp\types.h" />
    <ClInclude Include="..\..\..\..\addons\ofxAssimpModelLoader\libs\assimp\include\assimp\vector2.h" />
    <ClInclude Include="..\..\..\..\addons\ofxAssimpModelLoader\libs\assimp\include\assimp\vector3.h" />
    <ClInclude Include="..\..\..\..\addons\ofxAssimpModelLoader\libs\assimp\include\assimp\version.h" />
    <ClInclude Include="..\..\..\..\addons\ofxDelaunay\src\ofxDelaunay.h" />
    <ClInclude Include="..\..\..\..\addons\ofxDelaunay\libs\Delaunay\src\Delaunay.h" />
    <ClInclude Include="..\..\..\..\addons\ofxGui\src\ofxBaseGui.h" />
    <ClInclude Include="..\..\..\..\addons\ofxGui\src\ofxButton.h" />
    <ClInclude Include="..\..\..\..\addons\ofxGui\src\ofxColorPicker.h" />
    <ClInclude Include="..\..\..\..\addons\ofxGui\src\ofxGui.h" />
    <ClInclude Include="..\..\..\..\addons\ofxGui\src\ofxGuiGroup.h" />
    <ClInclude Include="..\..\..\..\addons\ofxGui\src\ofxGuiUtils.h" />
    <ClInclude Include="..\..\..\..\addons\ofxGui\src\ofxInputField.h" />
    <ClInclude Include="..\..\..\..\addons\ofxGui\src\ofxLabel.h" />
    <ClInclude Include="..\..\..\..\addons\ofxGui\src\ofxPanel.h" />
    <ClInclude Include="..\..\..\..\addons\ofxGui\src\ofxSlider.h" />
    <ClInclude Include="..\..\..\..\addons\ofxGui\src\ofxSliderGroup.h" />
    <ClInclude Include="..\..\..\..\addons\ofxGui\src\ofxToggle.h" />
    <ClInclude Include="..\..\..\..\addons\ofxVectorGraphics\src\ofxVectorGraphics.h" />
    <ClInclude Include="..\..\..\..\addons\ofxVectorGraphics\libs\CreEPS.hpp" />
    <ClInclude Include="..\..\..\..\addons\ofxVectorGraphics\libs\CreEPS_Types.hpp" />
  </ItemGroup>
  <ItemGroup>
    <ResourceCompile Include="icon.rc" />
  </ItemGroup>
</Project>